
Microsoft Visual Studio Solution File, Format Version 12.00
# Visual Studio Version 17
VisualStudioVersion = 17.13.35825.156 d17.13
MinimumVisualStudioVersion = 10.0.40219.1
Project("{FAE04EC0-301F-11D3-BF4B-00C04F79EFBC}") = "API", "API\API.csproj", "{34C9E111-F017-4696-93E3-1EFA39BDFF47}"
EndProject
Project("{FAE04EC0-301F-11D3-BF4B-00C04F79EFBC}") = "Core", "Core\Core.csproj", "{344852E0-B58E-4DC2-BE85-2327817B50E4}"
EndProject
Project("{FAE04EC0-301F-11D3-BF4B-00C04F79EFBC}") = "Infrastructure", "Infrastructure\Infrastructure.csproj", "{C28E7AD6-A8C9-4AD0-B8EF-072E8AEB05CF}"
EndProject
Global
	GlobalSection(SolutionConfigurationPlatforms) = preSolution
		Debug|Any CPU = Debug|Any CPU
		Release|Any CPU = Release|Any CPU
	EndGlobalSection
	GlobalSection(ProjectConfigurationPlatforms) = postSolution
		{34C9E111-F017-4696-93E3-1EFA39BDFF47}.Debug|Any CPU.ActiveCfg = Debug|Any CPU
		{34C9E111-F017-4696-93E3-1EFA39BDFF47}.Debug|Any CPU.Build.0 = Debug|Any CPU
		{34C9E111-F017-4696-93E3-1EFA39BDFF47}.Release|Any CPU.ActiveCfg = Release|Any CPU
		{34C9E111-F017-4696-93E3-1EFA39BDFF47}.Release|Any CPU.Build.0 = Release|Any CPU
		{344852E0-B58E-4DC2-BE85-2327817B50E4}.Debug|Any CPU.ActiveCfg = Debug|Any CPU
		{344852E0-B58E-4DC2-BE85-2327817B50E4}.Debug|Any CPU.Build.0 = Debug|Any CPU
		{344852E0-B58E-4DC2-BE85-2327817B50E4}.Release|Any CPU.ActiveCfg = Release|Any CPU
		{344852E0-B58E-4DC2-BE85-2327817B50E4}.Release|Any CPU.Build.0 = Release|Any CPU
		{C28E7AD6-A8C9-4AD0-B8EF-072E8AEB05CF}.Debug|Any CPU.ActiveCfg = Debug|Any CPU
		{C28E7AD6-A8C9-4AD0-B8EF-072E8AEB05CF}.Debug|Any CPU.Build.0 = Debug|Any CPU
		{C28E7AD6-A8C9-4AD0-B8EF-072E8AEB05CF}.Release|Any CPU.ActiveCfg = Release|Any CPU
		{C28E7AD6-A8C9-4AD0-B8EF-072E8AEB05CF}.Release|Any CPU.Build.0 = Release|Any CPU
	EndGlobalSection
	GlobalSection(SolutionProperties) = preSolution
		HideSolutionNode = FALSE
	EndGlobalSection
	GlobalSection(ExtensibilityGlobals) = postSolution
		SolutionGuid = {EB5FA171-C054-41DF-80D7-D66DB2A1ED5B}
	EndGlobalSection
EndGlobal
